
Microsoft Visual Studio Solution File, Format Version 12.00
# Visual Studio Version 17
VisualStudioVersion = 17.9.34728.123
MinimumVisualStudioVersion = 10.0.40219.1
Project("{FAE04EC0-301F-11D3-BF4B-00C04F79EFBC}") = "SSBlogs", "SSBlogs.csproj", "{0C434C6C-2A2D-4C3C-A984-045A33745E93}"
EndProject
Global
	GlobalSection(SolutionConfigurationPlatforms) = preSolution
		Debug|Any CPU = Debug|Any CPU
		Release|Any CPU = Release|Any CPU
	EndGlobalSection
	GlobalSection(ProjectConfigurationPlatforms) = postSolution
		{0C434C6C-2A2D-4C3C-A984-045A33745E93}.Debug|Any CPU.ActiveCfg = Debug|Any CPU
		{0C434C6C-2A2D-4C3C-A984-045A33745E93}.Debug|Any CPU.Build.0 = Debug|Any CPU
		{0C434C6C-2A2D-4C3C-A984-045A33745E93}.Release|Any CPU.ActiveCfg = Release|Any CPU
		{0C434C6C-2A2D-4C3C-A984-045A33745E93}.Release|Any CPU.Build.0 = Release|Any CPU
	EndGlobalSection
	GlobalSection(SolutionProperties) = preSolution
		HideSolutionNode = FALSE
	EndGlobalSection
	GlobalSection(ExtensibilityGlobals) = postSolution
		SolutionGuid = {36E9DF2F-356D-45A4-AC5F-B50F37EA3D72}
	EndGlobalSection
EndGlobal
